
Microsoft Visual Studio Solution File, Format Version 12.00
# Visual Studio 14
VisualStudioVersion = 14.0.24720.0
MinimumVisualStudioVersion = 10.0.40219.1
Project("{FAE04EC0-301F-11D3-BF4B-00C04F79EFBC}") = "FoodGuard", "FoodGuard\FoodGuard.csproj", "{BE158FCB-3A4E-46D9-AA5F-C89B5284CDA5}"
EndProject
Project("{FAE04EC0-301F-11D3-BF4B-00C04F79EFBC}") = "FoodGuard.Tests", "FoodGuard.Tests\FoodGuard.Tests.csproj", "{043F8054-0D2E-403F-B3E2-A19D6008951C}"
EndProject
Project("{FAE04EC0-301F-11D3-BF4B-00C04F79EFBC}") = "FoodGuard.WebApi", "FoodGuard.WebApi\FoodGuard.WebApi.csproj", "{8B466634-361E-4FFB-A75B-172E0AB8BDDB}"
EndProject
Project("{FAE04EC0-301F-11D3-BF4B-00C04F79EFBC}") = "FoodGuard.Business", "FoodGuard.Business\FoodGuard.Business.csproj", "{22C959D3-DE2E-4DD8-A78E-112F2FD4FEA7}"
EndProject
Project("{FAE04EC0-301F-11D3-BF4B-00C04F79EFBC}") = "FoodGuard.DAL", "FoodGuard.DAL\FoodGuard.DAL.csproj", "{258E3FDD-1004-4A78-B0B9-69E21B73CDC8}"
EndProject
Project("{00D1A9C2-B5F0-4AF3-8072-F6C62B433612}") = "FoodGuard.Database", "FoodGuard.Database\FoodGuard.Database.sqlproj", "{6AA24465-6A07-4D21-8905-651B43B2BDBB}"
EndProject
Project("{FAE04EC0-301F-11D3-BF4B-00C04F79EFBC}") = "FoodGuard.Util", "FoodGuard.Util\FoodGuard.Util.csproj", "{868B730C-68F6-494C-A3DD-610848FF0A37}"
EndProject
Global
	GlobalSection(SolutionConfigurationPlatforms) = preSolution
		Debug|Any CPU = Debug|Any CPU
		Release|Any CPU = Release|Any CPU
	EndGlobalSection
	GlobalSection(ProjectConfigurationPlatforms) = postSolution
		{BE158FCB-3A4E-46D9-AA5F-C89B5284CDA5}.Debug|Any CPU.ActiveCfg = Debug|Any CPU
		{BE158FCB-3A4E-46D9-AA5F-C89B5284CDA5}.Debug|Any CPU.Build.0 = Debug|Any CPU
		{BE158FCB-3A4E-46D9-AA5F-C89B5284CDA5}.Release|Any CPU.ActiveCfg = Release|Any CPU
		{BE158FCB-3A4E-46D9-AA5F-C89B5284CDA5}.Release|Any CPU.Build.0 = Release|Any CPU
		{043F8054-0D2E-403F-B3E2-A19D6008951C}.Debug|Any CPU.ActiveCfg = Debug|Any CPU
		{043F8054-0D2E-403F-B3E2-A19D6008951C}.Debug|Any CPU.Build.0 = Debug|Any CPU
		{043F8054-0D2E-403F-B3E2-A19D6008951C}.Release|Any CPU.ActiveCfg = Release|Any CPU
		{043F8054-0D2E-403F-B3E2-A19D6008951C}.Release|Any CPU.Build.0 = Release|Any CPU
		{8B466634-361E-4FFB-A75B-172E0AB8BDDB}.Debug|Any CPU.ActiveCfg = Debug|Any CPU
		{8B466634-361E-4FFB-A75B-172E0AB8BDDB}.Debug|Any CPU.Build.0 = Debug|Any CPU
		{8B466634-361E-4FFB-A75B-172E0AB8BDDB}.Release|Any CPU.ActiveCfg = Release|Any CPU
		{8B466634-361E-4FFB-A75B-172E0AB8BDDB}.Release|Any CPU.Build.0 = Release|Any CPU
		{22C959D3-DE2E-4DD8-A78E-112F2FD4FEA7}.Debug|Any CPU.ActiveCfg = Debug|Any CPU
		{22C959D3-DE2E-4DD8-A78E-112F2FD4FEA7}.Debug|Any CPU.Build.0 = Debug|Any CPU
		{22C959D3-DE2E-4DD8-A78E-112F2FD4FEA7}.Release|Any CPU.ActiveCfg = Release|Any CPU
		{22C959D3-DE2E-4DD8-A78E-112F2FD4FEA7}.Release|Any CPU.Build.0 = Release|Any CPU
		{258E3FDD-1004-4A78-B0B9-69E21B73CDC8}.Debug|Any CPU.ActiveCfg = Debug|Any CPU
		{258E3FDD-1004-4A78-B0B9-69E21B73CDC8}.Debug|Any CPU.Build.0 = Debug|Any CPU
		{258E3FDD-1004-4A78-B0B9-69E21B73CDC8}.Release|Any CPU.ActiveCfg = Release|Any CPU
		{258E3FDD-1004-4A78-B0B9-69E21B73CDC8}.Release|Any CPU.Build.0 = Release|Any CPU
		{6AA24465-6A07-4D21-8905-651B43B2BDBB}.Debug|Any CPU.ActiveCfg = Debug|Any CPU
		{6AA24465-6A07-4D21-8905-651B43B2BDBB}.Debug|Any CPU.Build.0 = Debug|Any CPU
		{6AA24465-6A07-4D21-8905-651B43B2BDBB}.Debug|Any CPU.Deploy.0 = Debug|Any CPU
		{6AA24465-6A07-4D21-8905-651B43B2BDBB}.Release|Any CPU.ActiveCfg = Release|Any CPU
		{6AA24465-6A07-4D21-8905-651B43B2BDBB}.Release|Any CPU.Build.0 = Release|Any CPU
		{6AA24465-6A07-4D21-8905-651B43B2BDBB}.Release|Any CPU.Deploy.0 = Release|Any CPU
		{868B730C-68F6-494C-A3DD-610848FF0A37}.Debug|Any CPU.ActiveCfg = Debug|Any CPU
		{868B730C-68F6-494C-A3DD-610848FF0A37}.Debug|Any CPU.Build.0 = Debug|Any CPU
		{868B730C-68F6-494C-A3DD-610848FF0A37}.Release|Any CPU.ActiveCfg = Release|Any CPU
		{868B730C-68F6-494C-A3DD-610848FF0A37}.Release|Any CPU.Build.0 = Release|Any CPU
	EndGlobalSection
	GlobalSection(SolutionProperties) = preSolution
		HideSolutionNode = FALSE
	EndGlobalSection
EndGlobal
